
Microsoft Visual Studio Solution File, Format Version 12.00
# Visual Studio Version 17
VisualStudioVersion = 17.0.31903.59
MinimumVisualStudioVersion = 10.0.40219.1
Project("{FAE04EC0-301F-11D3-BF4B-00C04F79EFBC}") = "KinoApp.UI", "KinoApp.UI\KinoApp.UI.csproj", "{B0223B35-9004-4657-A25B-DBBCB1C5DE72}"
EndProject
Project("{FAE04EC0-301F-11D3-BF4B-00C04F79EFBC}") = "KinoApp.Core", "KinoApp.Core\KinoApp.Core.csproj", "{F38CE2F6-9357-4EF4-9C04-6A8ABA2B515E}"
EndProject
Project("{FAE04EC0-301F-11D3-BF4B-00C04F79EFBC}") = "KinoApp.Infrastructure", "KinoApp.Infrastructure\KinoApp.Infrastructure.csproj", "{90B3DAF2-2A97-403F-916E-E02160D91E0F}"
EndProject
Project("{FAE04EC0-301F-11D3-BF4B-00C04F79EFBC}") = "KinoApp.Services", "KinoApp.Services\KinoApp.Services.csproj", "{1C2EC45A-0EA5-455B-928F-1A276E6F91F8}"
EndProject
Global
	GlobalSection(SolutionConfigurationPlatforms) = preSolution
		Debug|Any CPU = Debug|Any CPU
		Debug|x64 = Debug|x64
		Debug|x86 = Debug|x86
		Release|Any CPU = Release|Any CPU
		Release|x64 = Release|x64
		Release|x86 = Release|x86
	EndGlobalSection
	GlobalSection(ProjectConfigurationPlatforms) = postSolution
		{B0223B35-9004-4657-A25B-DBBCB1C5DE72}.Debug|Any CPU.ActiveCfg = Debug|Any CPU
		{B0223B35-9004-4657-A25B-DBBCB1C5DE72}.Debug|Any CPU.Build.0 = Debug|Any CPU
		{B0223B35-9004-4657-A25B-DBBCB1C5DE72}.Debug|x64.ActiveCfg = Debug|Any CPU
		{B0223B35-9004-4657-A25B-DBBCB1C5DE72}.Debug|x64.Build.0 = Debug|Any CPU
		{B0223B35-9004-4657-A25B-DBBCB1C5DE72}.Debug|x86.ActiveCfg = Debug|Any CPU
		{B0223B35-9004-4657-A25B-DBBCB1C5DE72}.Debug|x86.Build.0 = Debug|Any CPU
		{B0223B35-9004-4657-A25B-DBBCB1C5DE72}.Release|Any CPU.ActiveCfg = Release|Any CPU
		{B0223B35-9004-4657-A25B-DBBCB1C5DE72}.Release|Any CPU.Build.0 = Release|Any CPU
		{B0223B35-9004-4657-A25B-DBBCB1C5DE72}.Release|x64.ActiveCfg = Release|Any CPU
		{B0223B35-9004-4657-A25B-DBBCB1C5DE72}.Release|x64.Build.0 = Release|Any CPU
		{B0223B35-9004-4657-A25B-DBBCB1C5DE72}.Release|x86.ActiveCfg = Release|Any CPU
		{B0223B35-9004-4657-A25B-DBBCB1C5DE72}.Release|x86.Build.0 = Release|Any CPU
		{F38CE2F6-9357-4EF4-9C04-6A8ABA2B515E}.Debug|Any CPU.ActiveCfg = Debug|Any CPU
		{F38CE2F6-9357-4EF4-9C04-6A8ABA2B515E}.Debug|Any CPU.Build.0 = Debug|Any CPU
		{F38CE2F6-9357-4EF4-9C04-6A8ABA2B515E}.Debug|x64.ActiveCfg = Debug|Any CPU
		{F38CE2F6-9357-4EF4-9C04-6A8ABA2B515E}.Debug|x64.Build.0 = Debug|Any CPU
		{F38CE2F6-9357-4EF4-9C04-6A8ABA2B515E}.Debug|x86.ActiveCfg = Debug|Any CPU
		{F38CE2F6-9357-4EF4-9C04-6A8ABA2B515E}.Debug|x86.Build.0 = Debug|Any CPU
		{F38CE2F6-9357-4EF4-9C04-6A8ABA2B515E}.Release|Any CPU.ActiveCfg = Release|Any CPU
		{F38CE2F6-9357-4EF4-9C04-6A8ABA2B515E}.Release|Any CPU.Build.0 = Release|Any CPU
		{F38CE2F6-9357-4EF4-9C04-6A8ABA2B515E}.Release|x64.ActiveCfg = Release|Any CPU
		{F38CE2F6-9357-4EF4-9C04-6A8ABA2B515E}.Release|x64.Build.0 = Release|Any CPU
		{F38CE2F6-9357-4EF4-9C04-6A8ABA2B515E}.Release|x86.ActiveCfg = Release|Any CPU
		{F38CE2F6-9357-4EF4-9C04-6A8ABA2B515E}.Release|x86.Build.0 = Release|Any CPU
		{90B3DAF2-2A97-403F-916E-E02160D91E0F}.Debug|Any CPU.ActiveCfg = Debug|Any CPU
		{90B3DAF2-2A97-403F-916E-E02160D91E0F}.Debug|Any CPU.Build.0 = Debug|Any CPU
		{90B3DAF2-2A97-403F-916E-E02160D91E0F}.Debug|x64.ActiveCfg = Debug|Any CPU
		{90B3DAF2-2A97-403F-916E-E02160D91E0F}.Debug|x64.Build.0 = Debug|Any CPU
		{90B3DAF2-2A97-403F-916E-E02160D91E0F}.Debug|x86.ActiveCfg = Debug|Any CPU
		{90B3DAF2-2A97-403F-916E-E02160D91E0F}.Debug|x86.Build.0 = Debug|Any CPU
		{90B3DAF2-2A97-403F-916E-E02160D91E0F}.Release|Any CPU.ActiveCfg = Release|Any CPU
		{90B3DAF2-2A97-403F-916E-E02160D91E0F}.Release|Any CPU.Build.0 = Release|Any CPU
		{90B3DAF2-2A97-403F-916E-E02160D91E0F}.Release|x64.ActiveCfg = Release|Any CPU
		{90B3DAF2-2A97-403F-916E-E02160D91E0F}.Release|x64.Build.0 = Release|Any CPU
		{90B3DAF2-2A97-403F-916E-E02160D91E0F}.Release|x86.ActiveCfg = Release|Any CPU
		{90B3DAF2-2A97-403F-916E-E02160D91E0F}.Release|x86.Build.0 = Release|Any CPU
		{1C2EC45A-0EA5-455B-928F-1A276E6F91F8}.Debug|Any CPU.ActiveCfg = Debug|Any CPU
		{1C2EC45A-0EA5-455B-928F-1A276E6F91F8}.Debug|Any CPU.Build.0 = Debug|Any CPU
		{1C2EC45A-0EA5-455B-928F-1A276E6F91F8}.Debug|x64.ActiveCfg = Debug|Any CPU
		{1C2EC45A-0EA5-455B-928F-1A276E6F91F8}.Debug|x64.Build.0 = Debug|Any CPU
		{1C2EC45A-0EA5-455B-928F-1A276E6F91F8}.Debug|x86.ActiveCfg = Debug|Any CPU
		{1C2EC45A-0EA5-455B-928F-1A276E6F91F8}.Debug|x86.Build.0 = Debug|Any CPU
		{1C2EC45A-0EA5-455B-928F-1A276E6F91F8}.Release|Any CPU.ActiveCfg = Release|Any CPU
		{1C2EC45A-0EA5-455B-928F-1A276E6F91F8}.Release|Any CPU.Build.0 = Release|Any CPU
		{1C2EC45A-0EA5-455B-928F-1A276E6F91F8}.Release|x64.ActiveCfg = Release|Any CPU
		{1C2EC45A-0EA5-455B-928F-1A276E6F91F8}.Release|x64.Build.0 = Release|Any CPU
		{1C2EC45A-0EA5-455B-928F-1A276E6F91F8}.Release|x86.ActiveCfg = Release|Any CPU
		{1C2EC45A-0EA5-455B-928F-1A276E6F91F8}.Release|x86.Build.0 = Release|Any CPU
	EndGlobalSection
	GlobalSection(SolutionProperties) = preSolution
		HideSolutionNode = FALSE
	EndGlobalSection
EndGlobal
